{
  "name": "pxpipe-clipboard-tool",
  "version": "1.3.3",
  "lockfileVersion": 3,
  "requires": true,
  "packages": {
    "": {
      "name": "pxpipe-clipboard-tool",
      "version": "1.3.3",
      "license": "MIT",
      "dependencies": {
        "pxpipe-proxy": "0.8.0"
      }
    },
    "node_modules/gpt-tokenizer": {
      "version": "3.4.0",
      "resolved": "https://registry.npmjs.org/gpt-tokenizer/-/gpt-tokenizer-3.4.0.tgz",
      "integrity": "sha512-wxFLnhIXTDjYebd9A9pGl3e31ZpSypbpIJSOswbgop5jLte/AsZVDvjlbEuVFlsqZixVKqbcoNmRlFDf6pz/UQ==",
      "license": "MIT"
    },
    "node_modules/pxpipe-proxy": {
      "version": "0.8.0",
      "resolved": "https://registry.npmjs.org/pxpipe-proxy/-/pxpipe-proxy-0.8.0.tgz",
      "integrity": "sha512-zmh319/seaTOGG46TYq+kGk/RcXSuBcfHENNsIriuqqKiJWd6709DNQfqzf6J+lL+Nc1QtOg5F/TNIOe7YeTBQ==",
      "license": "MIT",
      "dependencies": {
        "gpt-tokenizer": "^3.4.0"
      },
      "bin": {
        "pxpipe": "bin/cli.js"
      },
      "engines": {
        "node": ">=18"
      }
    }
  }
}
